{
  "name": "ymsq",
  "version": "1.0.0",
  "lockfileVersion": 1,
  "requires": true,
  "dependencies": {
    "umtrack-wx": {
      "version": "2.6.2",
      "resolved": "https://registry.npmjs.org/umtrack-wx/-/umtrack-wx-2.6.2.tgz",
      "integrity": "sha512-EdxHh5pW7TYhE8A7AUzqLBXV+P6Sk3y86iBnAbq/7IFd3Bwl0LoQZ+lA6aMAnd1Ylxe+68uO7xekKMS2NLB5xQ=="
    }
  }
}
